
Microsoft Visual Studio Solution File, Format Version 12.00
# Visual Studio 15
VisualStudioVersion = 15.0.28307.705
MinimumVisualStudioVersion = 10.0.40219.1
Project("{8BC9CEB8-8B4A-11D0-8D11-00A0C91BC942}") = "Left4Dead2ExternalHack", "Left4Dead2ExternalHack\Left4Dead2ExternalHack.vcxproj", "{71A75672-A380-4021-9251-998F50B561ED}"
EndProject
Global
	GlobalSection(SolutionConfigurationPlatforms) = preSolution
		Debug|x64 = Debug|x64
		Debug|x86 = Debug|x86
		Release|x64 = Release|x64
		Release|x86 = Release|x86
	EndGlobalSection
	GlobalSection(ProjectConfigurationPlatforms) = postSolution
		{71A75672-A380-4021-9251-998F50B561ED}.Debug|x64.ActiveCfg = Debug|x64
		{71A75672-A380-4021-9251-998F50B561ED}.Debug|x64.Build.0 = Debug|x64
		{71A75672-A380-4021-9251-998F50B561ED}.Debug|x86.ActiveCfg = Debug|Win32
		{71A75672-A380-4021-9251-998F50B561ED}.Debug|x86.Build.0 = Debug|Win32
		{71A75672-A380-4021-9251-998F50B561ED}.Release|x64.ActiveCfg = Release|x64
		{71A75672-A380-4021-9251-998F50B561ED}.Release|x64.Build.0 = Release|x64
		{71A75672-A380-4021-9251-998F50B561ED}.Release|x86.ActiveCfg = Release|Win32
		{71A75672-A380-4021-9251-998F50B561ED}.Release|x86.Build.0 = Release|Win32
	EndGlobalSection
	GlobalSection(SolutionProperties) = preSolution
		HideSolutionNode = FALSE
	EndGlobalSection
	GlobalSection(ExtensibilityGlobals) = postSolution
		SolutionGuid = {C08255DC-DFA6-4DA0-AD94-263689E840C0}
	EndGlobalSection
EndGlobal
